# This file is automatically @generated by Cargo.
# It is not intended for manual editing.
version = 4

[[package]]
name = "datastore"
version = "0.1.0"
dependencies = [
 "samambaias",
]

[[package]]
name = "engenharia-de-software-principios-solid"
version = "0.1.0"
dependencies = [
 "datastore",
 "samambaias",
]

[[package]]
name = "samambaias"
version = "0.1.0"
